
Microsoft Visual Studio Solution File, Format Version 12.00
# Visual Studio Version 16
VisualStudioVersion = 16.0.31129.286
MinimumVisualStudioVersion = 10.0.40219.1
Project("{FAE04EC0-301F-11D3-BF4B-00C04F79EFBC}") = "Part5", "Part5\Part5.csproj", "{87E318F7-0943-4E78-9C81-95403C0DA430}"
EndProject
Global
	GlobalSection(SolutionConfigurationPlatforms) = preSolution
		Debug|Any CPU = Debug|Any CPU
		Release|Any CPU = Release|Any CPU
	EndGlobalSection
	GlobalSection(ProjectConfigurationPlatforms) = postSolution
		{87E318F7-0943-4E78-9C81-95403C0DA430}.Debug|Any CPU.ActiveCfg = Debug|Any CPU
		{87E318F7-0943-4E78-9C81-95403C0DA430}.Debug|Any CPU.Build.0 = Debug|Any CPU
		{87E318F7-0943-4E78-9C81-95403C0DA430}.Release|Any CPU.ActiveCfg = Release|Any CPU
		{87E318F7-0943-4E78-9C81-95403C0DA430}.Release|Any CPU.Build.0 = Release|Any CPU
	EndGlobalSection
	GlobalSection(SolutionProperties) = preSolution
		HideSolutionNode = FALSE
	EndGlobalSection
	GlobalSection(ExtensibilityGlobals) = postSolution
		SolutionGuid = {97F8B459-6AA6-40E8-B32B-517CD38845FB}
	EndGlobalSection
EndGlobal
